
Microsoft Visual Studio Solution File, Format Version 12.00
# Visual Studio 2017
Project("{FAE04EC0-301F-11D3-BF4B-00C04F79EFBC}") = "CardboardSpeechSandbox", "CardboardSpeechSandbox.csproj", "{3EFEB2AD-21BE-9D57-5A57-4B9A0C625376}"
EndProject
Project("{FAE04EC0-301F-11D3-BF4B-00C04F79EFBC}") = "CardboardSpeechSandbox.Editor", "CardboardSpeechSandbox.Editor.csproj", "{CCC00D5A-8425-8AFA-4F32-53F4F8E9FF59}"
EndProject
Global
	GlobalSection(SolutionConfigurationPlatforms) = preSolution
		Debug|Any CPU = Debug|Any CPU
		Release|Any CPU = Release|Any CPU
	EndGlobalSection
	GlobalSection(ProjectConfigurationPlatforms) = postSolution
		{3EFEB2AD-21BE-9D57-5A57-4B9A0C625376}.Debug|Any CPU.ActiveCfg = Debug|Any CPU
		{3EFEB2AD-21BE-9D57-5A57-4B9A0C625376}.Debug|Any CPU.Build.0 = Debug|Any CPU
		{3EFEB2AD-21BE-9D57-5A57-4B9A0C625376}.Release|Any CPU.ActiveCfg = Release|Any CPU
		{3EFEB2AD-21BE-9D57-5A57-4B9A0C625376}.Release|Any CPU.Build.0 = Release|Any CPU
		{CCC00D5A-8425-8AFA-4F32-53F4F8E9FF59}.Debug|Any CPU.ActiveCfg = Debug|Any CPU
		{CCC00D5A-8425-8AFA-4F32-53F4F8E9FF59}.Debug|Any CPU.Build.0 = Debug|Any CPU
		{CCC00D5A-8425-8AFA-4F32-53F4F8E9FF59}.Release|Any CPU.ActiveCfg = Release|Any CPU
		{CCC00D5A-8425-8AFA-4F32-53F4F8E9FF59}.Release|Any CPU.Build.0 = Release|Any CPU
	EndGlobalSection
	GlobalSection(SolutionProperties) = preSolution
		HideSolutionNode = FALSE
	EndGlobalSection
EndGlobal
